
Microsoft Visual Studio Solution File, Format Version 12.00
# Visual Studio 14
VisualStudioVersion = 14.0.25123.0
MinimumVisualStudioVersion = 10.0.40219.1
Project("{FAE04EC0-301F-11D3-BF4B-00C04F79EFBC}") = "ZMQExample", "ZMQExample\ZMQExample.csproj", "{D5B78D98-E36F-4D2A-A6F8-58CD30532654}"
EndProject
Project("{FAE04EC0-301F-11D3-BF4B-00C04F79EFBC}") = "ZMQExampleService", "ZMQExampleService\ZMQExampleService.csproj", "{1CF5741E-5BDB-442C-8A24-C01E6B6FDFFA}"
EndProject
Project("{FAE04EC0-301F-11D3-BF4B-00C04F79EFBC}") = "ZMQExampleServiceWithoutMaestro", "ZMQExampleServiceWithoutMaestro\ZMQExampleServiceWithoutMaestro.csproj", "{2B0A0ABF-642F-4492-A97B-313C81E4D50E}"
EndProject
Global
	GlobalSection(SolutionConfigurationPlatforms) = preSolution
		Debug|Any CPU = Debug|Any CPU
		Release|Any CPU = Release|Any CPU
	EndGlobalSection
	GlobalSection(ProjectConfigurationPlatforms) = postSolution
		{D5B78D98-E36F-4D2A-A6F8-58CD30532654}.Debug|Any CPU.ActiveCfg = Debug|Any CPU
		{D5B78D98-E36F-4D2A-A6F8-58CD30532654}.Debug|Any CPU.Build.0 = Debug|Any CPU
		{D5B78D98-E36F-4D2A-A6F8-58CD30532654}.Release|Any CPU.ActiveCfg = Release|Any CPU
		{D5B78D98-E36F-4D2A-A6F8-58CD30532654}.Release|Any CPU.Build.0 = Release|Any CPU
		{1CF5741E-5BDB-442C-8A24-C01E6B6FDFFA}.Debug|Any CPU.ActiveCfg = Debug|Any CPU
		{1CF5741E-5BDB-442C-8A24-C01E6B6FDFFA}.Debug|Any CPU.Build.0 = Debug|Any CPU
		{1CF5741E-5BDB-442C-8A24-C01E6B6FDFFA}.Release|Any CPU.ActiveCfg = Release|Any CPU
		{1CF5741E-5BDB-442C-8A24-C01E6B6FDFFA}.Release|Any CPU.Build.0 = Release|Any CPU
		{2B0A0ABF-642F-4492-A97B-313C81E4D50E}.Debug|Any CPU.ActiveCfg = Debug|Any CPU
		{2B0A0ABF-642F-4492-A97B-313C81E4D50E}.Debug|Any CPU.Build.0 = Debug|Any CPU
		{2B0A0ABF-642F-4492-A97B-313C81E4D50E}.Release|Any CPU.ActiveCfg = Release|Any CPU
		{2B0A0ABF-642F-4492-A97B-313C81E4D50E}.Release|Any CPU.Build.0 = Release|Any CPU
	EndGlobalSection
	GlobalSection(SolutionProperties) = preSolution
		HideSolutionNode = FALSE
	EndGlobalSection
EndGlobal
